// !$*UTF8*$!
{
	archiveVersion = 1;
	classes = {
	};
	objectVersion = 50;
	objects = {

/* Begin PBXBuildFile section */
		0617CC07125AA817C8E19FF5 /* Pods_SlotTests.framework in Frameworks */ = {isa = PBXBuildFile; fileRef = AAA7C720B18614519753F1FC /* Pods_SlotTests.framework */; };
		9291AAC6EC5D9766602A5B98 /* Pods_SlotUITests.framework in Frameworks */ = {isa = PBXBuildFile; fileRef = FD96E5E53041D4521C7FEB00 /* Pods_SlotUITests.framework */; };
		C7AB0FAF7E84C947B2503EEA /* Pods_Slot.framework in Frameworks */ = {isa = PBXBuildFile; fileRef = 63D8F2F811E7E14AEBEC3ED8 /* Pods_Slot.framework */; };
		FA1746812118B648007A6D7A /* ProgressHUD.m in Sources */ = {isa = PBXBuildFile; fileRef = FA17467E2118B647007A6D7A /* ProgressHUD.m */; };
		FA1746822118B648007A6D7A /* ProgressHUD.bundle in Resources */ = {isa = PBXBuildFile; fileRef = FA17467F2118B648007A6D7A /* ProgressHUD.bundle */; };
		FA53CAED21161B0A002B0C0D /* AppDelegate.swift in Sources */ = {isa = PBXBuildFile; fileRef = FA53CAEC21161B0A002B0C0D /* AppDelegate.swift */; };
		FA53CAEF21161B0A002B0C0D /* ViewController.swift in Sources */ = {isa = PBXBuildFile; fileRef = FA53CAEE21161B0A002B0C0D /* ViewController.swift */; };
		FA53CAF221161B0A002B0C0D /* Main.storyboard in Resources */ = {isa = PBXBuildFile; fileRef = FA53CAF021161B0A002B0C0D /* Main.storyboard */; };
		FA53CAF421161B17002B0C0D /* Assets.xcassets in Resources */ = {isa = PBXBuildFile; fileRef = FA53CAF321161B17002B0C0D /* Assets.xcassets */; };
		FA53CAF721161B17002B0C0D /* LaunchScreen.storyboard in Resources */ = {isa = PBXBuildFile; fileRef = FA53CAF521161B17002B0C0D /* LaunchScreen.storyboard */; };
		FA53CB0221161B17002B0C0D /* SlotTests.swift in Sources */ = {isa = PBXBuildFile; fileRef = FA53CB0121161B17002B0C0D /* SlotTests.swift */; };
		FA53CB0D21161B17002B0C0D /* SlotUITests.swift in Sources */ = {isa = PBXBuildFile; fileRef = FA53CB0C21161B17002B0C0D /* SlotUITests.swift */; };
		FA53CB1B21161C24002B0C0D /* GoogleService-Info.plist in Resources */ = {isa = PBXBuildFile; fileRef = FA53CB1A21161C24002B0C0D /* GoogleService-Info.plist */; };
		FA9C93DD211A2A61002EEB8C /* Hall.swift in Sources */ = {isa = PBXBuildFile; fileRef = FA9C93DC211A2A61002EEB8C /* Hall.swift */; };
		FAF68617211CB85100F79268 /* ImageCell.swift in Sources */ = {isa = PBXBuildFile; fileRef = FAF68616211CB85000F79268 /* ImageCell.swift */; };
		FAFBFFB42116C3BD00D417CD /* UIView+Extension.swift in Sources */ = {isa = PBXBuildFile; fileRef = FAFBFFB32116C3BD00D417CD /* UIView+Extension.swift */; };
		FAFBFFB62116C67100D417CD /* ColorConstants.swift in Sources */ = {isa = PBXBuildFile; fileRef = FAFBFFB52116C67100D417CD /* ColorConstants.swift */; };
		FAFBFFB821173E4A00D417CD /* HomeViewController.swift in Sources */ = {isa = PBXBuildFile; fileRef = FAFBFFB721173E4900D417CD /* HomeViewController.swift */; };
/* End PBXBuildFile section */

/* Begin PBXContainerItemProxy section */
		FA53CAFE21161B17002B0C0D /* PBXContainerItemProxy */ = {
			isa = PBXContainerItemProxy;
			containerPortal = FA53CAE121161B09002B0C0D /* Project object */;
			proxyType = 1;
			remoteGlobalIDString = FA53CAE821161B0A002B0C0D;
			remoteInfo = Slot;
		};
		FA53CB0921161B17002B0C0D /* PBXContainerItemProxy */ = {
			isa = PBXContainerItemProxy;
			containerPortal = FA53CAE121161B09002B0C0D /* Project object */;
			proxyType = 1;
			remoteGlobalIDString = FA53CAE821161B0A002B0C0D;
			remoteInfo = Slot;
		};
/* End PBXContainerItemProxy section */

/* Begin PBXFileReference section */
		139532387C9AA5E1487D8893 /* Pods-SlotUITests.debug.xcconfig */ = {isa = PBXFileReference; includeInIndex = 1; lastKnownFileType = text.xcconfig; name = "Pods-SlotUITests.debug.xcconfig"; path = "Pods/Target Support Files/Pods-SlotUITests/Pods-SlotUITests.debug.xcconfig"; sourceTree = "<group>"; };
		1D9D9F371AE74025AFFB0672 /* Pods-SlotTests.release.xcconfig */ = {isa = PBXFileReference; includeInIndex = 1; lastKnownFileType = text.xcconfig; name = "Pods-SlotTests.release.xcconfig"; path = "Pods/Target Support Files/Pods-SlotTests/Pods-SlotTests.release.xcconfig"; sourceTree = "<group>"; };
		247EAC588A055E123B7884B9 /* Pods-Slot.debug.xcconfig */ = {isa = PBXFileReference; includeInIndex = 1; lastKnownFileType = text.xcconfig; name = "Pods-Slot.debug.xcconfig"; path = "Pods/Target Support Files/Pods-Slot/Pods-Slot.debug.xcconfig"; sourceTree = "<group>"; };
		63D8F2F811E7E14AEBEC3ED8 /* Pods_Slot.framework */ = {isa = PBXFileReference; explicitFileType = wrapper.framework; includeInIndex = 0; path = Pods_Slot.framework; sourceTree = BUILT_PRODUCTS_DIR; };
		9AD963D304CAF282CD4BCED4 /* Pods-SlotTests.debug.xcconfig */ = {isa = PBXFileReference; includeInIndex = 1; lastKnownFileType = text.xcconfig; name = "Pods-SlotTests.debug.xcconfig"; path = "Pods/Target Support Files/Pods-SlotTests/Pods-SlotTests.debug.xcconfig"; sourceTree = "<group>"; };
		AAA7C720B18614519753F1FC /* Pods_SlotTests.framework */ = {isa = PBXFileReference; explicitFileType = wrapper.framework; includeInIndex = 0; path = Pods_SlotTests.framework; sourceTree = BUILT_PRODUCTS_DIR; };
		F0F8CD6E6E381C4C374B6204 /* Pods-SlotUITests.release.xcconfig */ = {isa = PBXFileReference; includeInIndex = 1; lastKnownFileType = text.xcconfig; name = "Pods-SlotUITests.release.xcconfig"; path = "Pods/Target Support Files/Pods-SlotUITests/Pods-SlotUITests.release.xcconfig"; sourceTree = "<group>"; };
		FA17467D2118B646007A6D7A /* Slot-Bridging-Header.h */ = {isa = PBXFileReference; lastKnownFileType = sourcecode.c.h; path = "Slot-Bridging-Header.h"; sourceTree = "<group>"; };
		FA17467E2118B647007A6D7A /* ProgressHUD.m */ = {isa = PBXFileReference; fileEncoding = 4; lastKnownFileType = sourcecode.c.objc; path = ProgressHUD.m; sourceTree = "<group>"; };
		FA17467F2118B648007A6D7A /* ProgressHUD.bundle */ = {isa = PBXFileReference; lastKnownFileType = "wrapper.plug-in"; path = ProgressHUD.bundle; sourceTree = "<group>"; };
		FA1746802118B648007A6D7A /* ProgressHUD.h */ = {isa = PBXFileReference; fileEncoding = 4; lastKnownFileType = sourcecode.c.h; path = ProgressHUD.h; sourceTree = "<group>"; };
		FA53CAE921161B0A002B0C0D /* Slot.app */ = {isa = PBXFileReference; explicitFileType = wrapper.application; includeInIndex = 0; path = Slot.app; sourceTree = BUILT_PRODUCTS_DIR; };
		FA53CAEC21161B0A002B0C0D /* AppDelegate.swift */ = {isa = PBXFileReference; lastKnownFileType = sourcecode.swift; path = AppDelegate.swift; sourceTree = "<group>"; };
		FA53CAEE21161B0A002B0C0D /* ViewController.swift */ = {isa = PBXFileReference; lastKnownFileType = sourcecode.swift; path = ViewController.swift; sourceTree = "<group>"; };
		FA53CAF121161B0A002B0C0D /* Base */ = {isa = PBXFileReference; lastKnownFileType = file.storyboard; name = Base; path = Base.lproj/Main.storyboard; sourceTree = "<group>"; };
		FA53CAF321161B17002B0C0D /* Assets.xcassets */ = {isa = PBXFileReference; lastKnownFileType = folder.assetcatalog; path = Assets.xcassets; sourceTree = "<group>"; };
		FA53CAF621161B17002B0C0D /* Base */ = {isa = PBXFileReference; lastKnownFileType = file.storyboard; name = Base; path = Base.lproj/LaunchScreen.storyboard; sourceTree = "<group>"; };
		FA53CAF821161B17002B0C0D /* Info.plist */ = {isa = PBXFileReference; lastKnownFileType = text.plist.xml; path = Info.plist; sourceTree = "<group>"; };
		FA53CAFD21161B17002B0C0D /* SlotTests.xctest */ = {isa = PBXFileReference; explicitFileType = wrapper.cfbundle; includeInIndex = 0; path = SlotTests.xctest; sourceTree = BUILT_PRODUCTS_DIR; };
		FA53CB0121161B17002B0C0D /* SlotTests.swift */ = {isa = PBXFileReference; lastKnownFileType = sourcecode.swift; path = SlotTests.swift; sourceTree = "<group>"; };
		FA53CB0321161B17002B0C0D /* Info.plist */ = {isa = PBXFileReference; lastKnownFileType = text.plist.xml; path = Info.plist; sourceTree = "<group>"; };
		FA53CB0821161B17002B0C0D /* SlotUITests.xctest */ = {isa = PBXFileReference; explicitFileType = wrapper.cfbundle; includeInIndex = 0; path = SlotUITests.xctest; sourceTree = BUILT_PRODUCTS_DIR; };
		FA53CB0C21161B17002B0C0D /* SlotUITests.swift */ = {isa = PBXFileReference; lastKnownFileType = sourcecode.swift; path = SlotUITests.swift; sourceTree = "<group>"; };
		FA53CB0E21161B17002B0C0D /* Info.plist */ = {isa = PBXFileReference; lastKnownFileType = text.plist.xml; path = Info.plist; sourceTree = "<group>"; };
		FA53CB1A21161C24002B0C0D /* GoogleService-Info.plist */ = {isa = PBXFileReference; fileEncoding = 4; lastKnownFileType = text.plist.xml; path = "GoogleService-Info.plist"; sourceTree = "<group>"; };
		FA9C93DC211A2A61002EEB8C /* Hall.swift */ = {isa = PBXFileReference; lastKnownFileType = sourcecode.swift; path = Hall.swift; sourceTree = "<group>"; };
		FAF68616211CB85000F79268 /* ImageCell.swift */ = {isa = PBXFileReference; lastKnownFileType = sourcecode.swift; path = ImageCell.swift; sourceTree = "<group>"; };
		FAFBFFB32116C3BD00D417CD /* UIView+Extension.swift */ = {isa = PBXFileReference; lastKnownFileType = sourcecode.swift; path = "UIView+Extension.swift"; sourceTree = "<group>"; };
		FAFBFFB52116C67100D417CD /* ColorConstants.swift */ = {isa = PBXFileReference; lastKnownFileType = sourcecode.swift; path = ColorConstants.swift; sourceTree = "<group>"; };
		FAFBFFB721173E4900D417CD /* HomeViewController.swift */ = {isa = PBXFileReference; lastKnownFileType = sourcecode.swift; path = HomeViewController.swift; sourceTree = "<group>"; };
		FCB2746C94CACF65162CF831 /* Pods-Slot.release.xcconfig */ = {isa = PBXFileReference; includeInIndex = 1; lastKnownFileType = text.xcconfig; name = "Pods-Slot.release.xcconfig"; path = "Pods/Target Support Files/Pods-Slot/Pods-Slot.release.xcconfig"; sourceTree = "<group>"; };
		FD96E5E53041D4521C7FEB00 /* Pods_SlotUITests.framework */ = {isa = PBXFileReference; explicitFileType = wrapper.framework; includeInIndex = 0; path = Pods_SlotUITests.framework; sourceTree = BUILT_PRODUCTS_DIR; };
/* End PBXFileReference section */

/* Begin PBXFrameworksBuildPhase section */
		FA53CAE621161B0A002B0C0D /* Frameworks */ = {
			isa = PBXFrameworksBuildPhase;
			buildActionMask = 2147483647;
			files = (
				C7AB0FAF7E84C947B2503EEA /* Pods_Slot.framework in Frameworks */,
			);
			runOnlyForDeploymentPostprocessing = 0;
		};
		FA53CAFA21161B17002B0C0D /* Frameworks */ = {
			isa = PBXFrameworksBuildPhase;
			buildActionMask = 2147483647;
			files = (
				0617CC07125AA817C8E19FF5 /* Pods_SlotTests.framework in Frameworks */,
			);
			runOnlyForDeploymentPostprocessing = 0;
		};
		FA53CB0521161B17002B0C0D /* Frameworks */ = {
			isa = PBXFrameworksBuildPhase;
			buildActionMask = 2147483647;
			files = (
				9291AAC6EC5D9766602A5B98 /* Pods_SlotUITests.framework in Frameworks */,
			);
			runOnlyForDeploymentPostprocessing = 0;
		};
/* End PBXFrameworksBuildPhase section */

/* Begin PBXGroup section */
		72B5F281BBB8944799651DB2 /* Frameworks */ = {
			isa = PBXGroup;
			children = (
				63D8F2F811E7E14AEBEC3ED8 /* Pods_Slot.framework */,
				AAA7C720B18614519753F1FC /* Pods_SlotTests.framework */,
				FD96E5E53041D4521C7FEB00 /* Pods_SlotUITests.framework */,
			);
			name = Frameworks;
			sourceTree = "<group>";
		};
		949D411EA713C9B530F42FE4 /* Pods */ = {
			isa = PBXGroup;
			children = (
				247EAC588A055E123B7884B9 /* Pods-Slot.debug.xcconfig */,
				FCB2746C94CACF65162CF831 /* Pods-Slot.release.xcconfig */,
				9AD963D304CAF282CD4BCED4 /* Pods-SlotTests.debug.xcconfig */,
				1D9D9F371AE74025AFFB0672 /* Pods-SlotTests.release.xcconfig */,
				139532387C9AA5E1487D8893 /* Pods-SlotUITests.debug.xcconfig */,
				F0F8CD6E6E381C4C374B6204 /* Pods-SlotUITests.release.xcconfig */,
			);
			name = Pods;
			sourceTree = "<group>";
		};
		FA53CAE021161B09002B0C0D = {
			isa = PBXGroup;
			children = (
				FA53CAEB21161B0A002B0C0D /* Slot */,
				FA53CB0021161B17002B0C0D /* SlotTests */,
				FA53CB0B21161B17002B0C0D /* SlotUITests */,
				FA53CAEA21161B0A002B0C0D /* Products */,
				949D411EA713C9B530F42FE4 /* Pods */,
				72B5F281BBB8944799651DB2 /* Frameworks */,
			);
			sourceTree = "<group>";
		};
		FA53CAEA21161B0A002B0C0D /* Products */ = {
			isa = PBXGroup;
			children = (
				FA53CAE921161B0A002B0C0D /* Slot.app */,
				FA53CAFD21161B17002B0C0D /* SlotTests.xctest */,
				FA53CB0821161B17002B0C0D /* SlotUITests.xctest */,
			);
			name = Products;
			sourceTree = "<group>";
		};
		FA53CAEB21161B0A002B0C0D /* Slot */ = {
			isa = PBXGroup;
			children = (
				FA9C93D9211A299E002EEB8C /* models */,
				FA53CAEC21161B0A002B0C0D /* AppDelegate.swift */,
				FA53CAEE21161B0A002B0C0D /* ViewController.swift */,
				FAFBFFB721173E4900D417CD /* HomeViewController.swift */,
				FAFBFFB32116C3BD00D417CD /* UIView+Extension.swift */,
				FAFBFFB52116C67100D417CD /* ColorConstants.swift */,
				FA53CAF021161B0A002B0C0D /* Main.storyboard */,
				FAF68616211CB85000F79268 /* ImageCell.swift */,
				FA53CAF321161B17002B0C0D /* Assets.xcassets */,
				FA53CAF521161B17002B0C0D /* LaunchScreen.storyboard */,
				FA53CAF821161B17002B0C0D /* Info.plist */,
				FA53CB1A21161C24002B0C0D /* GoogleService-Info.plist */,
				FA17467F2118B648007A6D7A /* ProgressHUD.bundle */,
				FA1746802118B648007A6D7A /* ProgressHUD.h */,
				FA17467E2118B647007A6D7A /* ProgressHUD.m */,
				FA17467D2118B646007A6D7A /* Slot-Bridging-Header.h */,
			);
			path = Slot;
			sourceTree = "<group>";
		};
		FA53CB0021161B17002B0C0D /* SlotTests */ = {
			isa = PBXGroup;
			children = (
				FA53CB0121161B17002B0C0D /* SlotTests.swift */,
				FA53CB0321161B17002B0C0D /* Info.plist */,
			);
			path = SlotTests;
			sourceTree = "<group>";
		};
		FA53CB0B21161B17002B0C0D /* SlotUITests */ = {
			isa = PBXGroup;
			children = (
				FA53CB0C21161B17002B0C0D /* SlotUITests.swift */,
				FA53CB0E21161B17002B0C0D /* Info.plist */,
			);
			path = SlotUITests;
			sourceTree = "<group>";
		};
		FA9C93D9211A299E002EEB8C /* models */ = {
			isa = PBXGroup;
			children = (
				FA9C93DC211A2A61002EEB8C /* Hall.swift */,
			);
			path = models;
			sourceTree = "<group>";
		};
/* End PBXGroup section */

/* Begin PBXNativeTarget section */
		FA53CAE821161B0A002B0C0D /* Slot */ = {
			isa = PBXNativeTarget;
			buildConfigurationList = FA53CB1121161B17002B0C0D /* Build configuration list for PBXNativeTarget "Slot" */;
			buildPhases = (
				5760A490979F370514455987 /* [CP] Check Pods Manifest.lock */,
				FA53CAE521161B0A002B0C0D /* Sources */,
				FA53CAE621161B0A002B0C0D /* Frameworks */,
				FA53CAE721161B0A002B0C0D /* Resources */,
				AF5587755151DBDC7752B38C /* [CP] Embed Pods Frameworks */,
			);
			buildRules = (
			);
			dependencies = (
			);
			name = Slot;
			productName = Slot;
			productReference = FA53CAE921161B0A002B0C0D /* Slot.app */;
			productType = "com.apple.product-type.application";
		};
		FA53CAFC21161B17002B0C0D /* SlotTests */ = {
			isa = PBXNativeTarget;
			buildConfigurationList = FA53CB1421161B17002B0C0D /* Build configuration list for PBXNativeTarget "SlotTests" */;
			buildPhases = (
				00514763A9203C1ADB89D7E4 /* [CP] Check Pods Manifest.lock */,
				FA53CAF921161B17002B0C0D /* Sources */,
				FA53CAFA21161B17002B0C0D /* Frameworks */,
				FA53CAFB21161B17002B0C0D /* Resources */,
			);
			buildRules = (
			);
			dependencies = (
				FA53CAFF21161B17002B0C0D /* PBXTargetDependency */,
			);
			name = SlotTests;
			productName = SlotTests;
			productReference = FA53CAFD21161B17002B0C0D /* SlotTests.xctest */;
			productType = "com.apple.product-type.bundle.unit-test";
		};
		FA53CB0721161B17002B0C0D /* SlotUITests */ = {
			isa = PBXNativeTarget;
			buildConfigurationList = FA53CB1721161B17002B0C0D /* Build configuration list for PBXNativeTarget "SlotUITests" */;
			buildPhases = (
				3F282F482E27EE4F102BB9EE /* [CP] Check Pods Manifest.lock */,
				FA53CB0421161B17002B0C0D /* Sources */,
				FA53CB0521161B17002B0C0D /* Frameworks */,
				FA53CB0621161B17002B0C0D /* Resources */,
			);
			buildRules = (
			);
			dependencies = (
				FA53CB0A21161B17002B0C0D /* PBXTargetDependency */,
			);
			name = SlotUITests;
			productName = SlotUITests;
			productReference = FA53CB0821161B17002B0C0D /* SlotUITests.xctest */;
			productType = "com.apple.product-type.bundle.ui-testing";
		};
/* End PBXNativeTarget section */

/* Begin PBXProject section */
		FA53CAE121161B09002B0C0D /* Project object */ = {
			isa = PBXProject;
			attributes = {
				LastSwiftUpdateCheck = 0940;
				LastUpgradeCheck = 0940;
				ORGANIZATIONNAME = Mahanthesh;
				TargetAttributes = {
					FA53CAE821161B0A002B0C0D = {
						CreatedOnToolsVersion = 9.4.1;
						LastSwiftMigration = 0940;
					};
					FA53CAFC21161B17002B0C0D = {
						CreatedOnToolsVersion = 9.4.1;
						TestTargetID = FA53CAE821161B0A002B0C0D;
					};
					FA53CB0721161B17002B0C0D = {
						CreatedOnToolsVersion = 9.4.1;
						TestTargetID = FA53CAE821161B0A002B0C0D;
					};
				};
			};
			buildConfigurationList = FA53CAE421161B09002B0C0D /* Build configuration list for PBXProject "Slot" */;
			compatibilityVersion = "Xcode 9.3";
			developmentRegion = en;
			hasScannedForEncodings = 0;
			knownRegions = (
				en,
				Base,
			);
			mainGroup = FA53CAE021161B09002B0C0D;
			productRefGroup = FA53CAEA21161B0A002B0C0D /* Products */;
			projectDirPath = "";
			projectRoot = "";
			targets = (
				FA53CAE821161B0A002B0C0D /* Slot */,
				FA53CAFC21161B17002B0C0D /* SlotTests */,
				FA53CB0721161B17002B0C0D /* SlotUITests */,
			);
		};
/* End PBXProject section */

/* Begin PBXResourcesBuildPhase section */
		FA53CAE721161B0A002B0C0D /* Resources */ = {
			isa = PBXResourcesBuildPhase;
			buildActionMask = 2147483647;
			files = (
				FA53CAF721161B17002B0C0D /* LaunchScreen.storyboard in Resources */,
				FA53CB1B21161C24002B0C0D /* GoogleService-Info.plist in Resources */,
				FA53CAF421161B17002B0C0D /* Assets.xcassets in Resources */,
				FA1746822118B648007A6D7A /* ProgressHUD.bundle in Resources */,
				FA53CAF221161B0A002B0C0D /* Main.storyboard in Resources */,
			);
			runOnlyForDeploymentPostprocessing = 0;
		};
		FA53CAFB21161B17002B0C0D /* Resources */ = {
			isa = PBXResourcesBuildPhase;
			buildActionMask = 2147483647;
			files = (
			);
			runOnlyForDeploymentPostprocessing = 0;
		};
		FA53CB0621161B17002B0C0D /* Resources */ = {
			isa = PBXResourcesBuildPhase;
			buildActionMask = 2147483647;
			files = (
			);
			runOnlyForDeploymentPostprocessing = 0;
		};
/* End PBXResourcesBuildPhase section */

/* Begin PBXShellScriptBuildPhase section */
		00514763A9203C1ADB89D7E4 /* [CP] Check Pods Manifest.lock */ = {
			isa = PBXShellScriptBuildPhase;
			buildActionMask = 2147483647;
			files = (
			);
			inputPaths = (
				"${PODS_PODFILE_DIR_PATH}/Podfile.lock",
				"${PODS_ROOT}/Manifest.lock",
			);
			name = "[CP] Check Pods Manifest.lock";
			outputPaths = (
				"$(DERIVED_FILE_DIR)/Pods-SlotTests-checkManifestLockResult.txt",
			);
			runOnlyForDeploymentPostprocessing = 0;
			shellPath = /bin/sh;
			shellScript = "diff \"${PODS_PODFILE_DIR_PATH}/Podfile.lock\" \"${PODS_ROOT}/Manifest.lock\" > /dev/null\nif [ $? != 0 ] ; then\n    # print error to STDERR\n    echo \"error: The sandbox is not in sync with the Podfile.lock. Run 'pod install' or update your CocoaPods installation.\" >&2\n    exit 1\nfi\n# This output is used by Xcode 'outputs' to avoid re-running this script phase.\necho \"SUCCESS\" > \"${SCRIPT_OUTPUT_FILE_0}\"\n";
			showEnvVarsInLog = 0;
		};
		3F282F482E27EE4F102BB9EE /* [CP] Check Pods Manifest.lock */ = {
			isa = PBXShellScriptBuildPhase;
			buildActionMask = 2147483647;
			files = (
			);
			inputPaths = (
				"${PODS_PODFILE_DIR_PATH}/Podfile.lock",
				"${PODS_ROOT}/Manifest.lock",
			);
			name = "[CP] Check Pods Manifest.lock";
			outputPaths = (
				"$(DERIVED_FILE_DIR)/Pods-SlotUITests-checkManifestLockResult.txt",
			);
			runOnlyForDeploymentPostprocessing = 0;
			shellPath = /bin/sh;
			shellScript = "diff \"${PODS_PODFILE_DIR_PATH}/Podfile.lock\" \"${PODS_ROOT}/Manifest.lock\" > /dev/null\nif [ $? != 0 ] ; then\n    # print error to STDERR\n    echo \"error: The sandbox is not in sync with the Podfile.lock. Run 'pod install' or update your CocoaPods installation.\" >&2\n    exit 1\nfi\n# This output is used by Xcode 'outputs' to avoid re-running this script phase.\necho \"SUCCESS\" > \"${SCRIPT_OUTPUT_FILE_0}\"\n";
			showEnvVarsInLog = 0;
		};
		5760A490979F370514455987 /* [CP] Check Pods Manifest.lock */ = {
			isa = PBXShellScriptBuildPhase;
			buildActionMask = 2147483647;
			files = (
			);
			inputPaths = (
				"${PODS_PODFILE_DIR_PATH}/Podfile.lock",
				"${PODS_ROOT}/Manifest.lock",
			);
			name = "[CP] Check Pods Manifest.lock";
			outputPaths = (
				"$(DERIVED_FILE_DIR)/Pods-Slot-checkManifestLockResult.txt",
			);
			runOnlyForDeploymentPostprocessing = 0;
			shellPath = /bin/sh;
			shellScript = "diff \"${PODS_PODFILE_DIR_PATH}/Podfile.lock\" \"${PODS_ROOT}/Manifest.lock\" > /dev/null\nif [ $? != 0 ] ; then\n    # print error to STDERR\n    echo \"error: The sandbox is not in sync with the Podfile.lock. Run 'pod install' or update your CocoaPods installation.\" >&2\n    exit 1\nfi\n# This output is used by Xcode 'outputs' to avoid re-running this script phase.\necho \"SUCCESS\" > \"${SCRIPT_OUTPUT_FILE_0}\"\n";
			showEnvVarsInLog = 0;
		};
		AF5587755151DBDC7752B38C /* [CP] Embed Pods Frameworks */ = {
			isa = PBXShellScriptBuildPhase;
			buildActionMask = 2147483647;
			files = (
			);
			inputPaths = (
				"${SRCROOT}/Pods/Target Support Files/Pods-Slot/Pods-Slot-frameworks.sh",
				"${BUILT_PRODUCTS_DIR}/GTMSessionFetcher/GTMSessionFetcher.framework",
				"${BUILT_PRODUCTS_DIR}/GoogleUtilities/GoogleUtilities.framework",
				"${BUILT_PRODUCTS_DIR}/Kingfisher/Kingfisher.framework",
				"${BUILT_PRODUCTS_DIR}/leveldb-library/leveldb.framework",
				"${BUILT_PRODUCTS_DIR}/nanopb/nanopb.framework",
			);
			name = "[CP] Embed Pods Frameworks";
			outputPaths = (
				"${TARGET_BUILD_DIR}/${FRAMEWORKS_FOLDER_PATH}/GTMSessionFetcher.framework",
				"${TARGET_BUILD_DIR}/${FRAMEWORKS_FOLDER_PATH}/GoogleUtilities.framework",
				"${TARGET_BUILD_DIR}/${FRAMEWORKS_FOLDER_PATH}/Kingfisher.framework",
				"${TARGET_BUILD_DIR}/${FRAMEWORKS_FOLDER_PATH}/leveldb.framework",
				"${TARGET_BUILD_DIR}/${FRAMEWORKS_FOLDER_PATH}/nanopb.framework",
			);
			runOnlyForDeploymentPostprocessing = 0;
			shellPath = /bin/sh;
			shellScript = "\"${SRCROOT}/Pods/Target Support Files/Pods-Slot/Pods-Slot-frameworks.sh\"\n";
			showEnvVarsInLog = 0;
		};
/* End PBXShellScriptBuildPhase section */

/* Begin PBXSourcesBuildPhase section */
		FA53CAE521161B0A002B0C0D /* Sources */ = {
			isa = PBXSourcesBuildPhase;
			buildActionMask = 2147483647;
			files = (
				FA1746812118B648007A6D7A /* ProgressHUD.m in Sources */,
				FAFBFFB821173E4A00D417CD /* HomeViewController.swift in Sources */,
				FAFBFFB42116C3BD00D417CD /* UIView+Extension.swift in Sources */,
				FA9C93DD211A2A61002EEB8C /* Hall.swift in Sources */,
				FA53CAEF21161B0A002B0C0D /* ViewController.swift in Sources */,
				FAF68617211CB85100F79268 /* ImageCell.swift in Sources */,
				FA53CAED21161B0A002B0C0D /* AppDelegate.swift in Sources */,
				FAFBFFB62116C67100D417CD /* ColorConstants.swift in Sources */,
			);
			runOnlyForDeploymentPostprocessing = 0;
		};
		FA53CAF921161B17002B0C0D /* Sources */ = {
			isa = PBXSourcesBuildPhase;
			buildActionMask = 2147483647;
			files = (
				FA53CB0221161B17002B0C0D /* SlotTests.swift in Sources */,
			);
			runOnlyForDeploymentPostprocessing = 0;
		};
		FA53CB0421161B17002B0C0D /* Sources */ = {
			isa = PBXSourcesBuildPhase;
			buildActionMask = 2147483647;
			files = (
				FA53CB0D21161B17002B0C0D /* SlotUITests.swift in Sources */,
			);
			runOnlyForDeploymentPostprocessing = 0;
		};
/* End PBXSourcesBuildPhase section */

/* Begin PBXTargetDependency section */
		FA53CAFF21161B17002B0C0D /* PBXTargetDependency */ = {
			isa = PBXTargetDependency;
			target = FA53CAE821161B0A002B0C0D /* Slot */;
			targetProxy = FA53CAFE21161B17002B0C0D /* PBXContainerItemProxy */;
		};
		FA53CB0A21161B17002B0C0D /* PBXTargetDependency */ = {
			isa = PBXTargetDependency;
			target = FA53CAE821161B0A002B0C0D /* Slot */;
			targetProxy = FA53CB0921161B17002B0C0D /* PBXContainerItemProxy */;
		};
/* End PBXTargetDependency section */

/* Begin PBXVariantGroup section */
		FA53CAF021161B0A002B0C0D /* Main.storyboard */ = {
			isa = PBXVariantGroup;
			children = (
				FA53CAF121161B0A002B0C0D /* Base */,
			);
			name = Main.storyboard;
			sourceTree = "<group>";
		};
		FA53CAF521161B17002B0C0D /* LaunchScreen.storyboard */ = {
			isa = PBXVariantGroup;
			children = (
				FA53CAF621161B17002B0C0D /* Base */,
			);
			name = LaunchScreen.storyboard;
			sourceTree = "<group>";
		};
/* End PBXVariantGroup section */

/* Begin XCBuildConfiguration section */
		FA53CB0F21161B17002B0C0D /* Debug */ = {
			isa = XCBuildConfiguration;
			buildSettings = {
				ALWAYS_SEARCH_USER_PATHS = NO;
				CLANG_ANALYZER_NONNULL = YES;
				CLANG_ANALYZER_NUMBER_OBJECT_CONVERSION = YES_AGGRESSIVE;
				CLANG_CXX_LANGUAGE_STANDARD = "gnu++14";
				CLANG_CXX_LIBRARY = "libc++";
				CLANG_ENABLE_MODULES = YES;
				CLANG_ENABLE_OBJC_ARC = YES;
				CLANG_ENABLE_OBJC_WEAK = YES;
				CLANG_WARN_BLOCK_CAPTURE_AUTORELEASING = YES;
				CLANG_WARN_BOOL_CONVERSION = YES;
				CLANG_WARN_COMMA = YES;
				CLANG_WARN_CONSTANT_CONVERSION = YES;
				CLANG_WARN_DEPRECATED_OBJC_IMPLEMENTATIONS = YES;
				CLANG_WARN_DIRECT_OBJC_ISA_USAGE = YES_ERROR;
				CLANG_WARN_DOCUMENTATION_COMMENTS = YES;
				CLANG_WARN_EMPTY_BODY = YES;
				CLANG_WARN_ENUM_CONVERSION = YES;
				CLANG_WARN_INFINITE_RECURSION = YES;
				CLANG_WARN_INT_CONVERSION = YES;
				CLANG_WARN_NON_LITERAL_NULL_CONVERSION = YES;
				CLANG_WARN_OBJC_IMPLICIT_RETAIN_SELF = YES;
				CLANG_WARN_OBJC_LITERAL_CONVERSION = YES;
				CLANG_WARN_OBJC_ROOT_CLASS = YES_ERROR;
				CLANG_WARN_RANGE_LOOP_ANALYSIS = YES;
				CLANG_WARN_STRICT_PROTOTYPES = YES;
				CLANG_WARN_SUSPICIOUS_MOVE = YES;
				CLANG_WARN_UNGUARDED_AVAILABILITY = YES_AGGRESSIVE;
				CLANG_WARN_UNREACHABLE_CODE = YES;
				CLANG_WARN__DUPLICATE_METHOD_MATCH = YES;
				CODE_SIGN_IDENTITY = "iPhone Developer";
				COPY_PHASE_STRIP = NO;
				DEBUG_INFORMATION_FORMAT = dwarf;
				ENABLE_STRICT_OBJC_MSGSEND = YES;
				ENABLE_TESTABILITY = YES;
				GCC_C_LANGUAGE_STANDARD = gnu11;
				GCC_DYNAMIC_NO_PIC = NO;
				GCC_NO_COMMON_BLOCKS = YES;
				GCC_OPTIMIZATION_LEVEL = 0;
				GCC_PREPROCESSOR_DEFINITIONS = (
					"DEBUG=1",
					"$(inherited)",
				);
				GCC_WARN_64_TO_32_BIT_CONVERSION = YES;
				GCC_WARN_ABOUT_RETURN_TYPE = YES_ERROR;
				GCC_WARN_UNDECLARED_SELECTOR = YES;
				GCC_WARN_UNINITIALIZED_AUTOS = YES_AGGRESSIVE;
				GCC_WARN_UNUSED_FUNCTION = YES;
				GCC_WARN_UNUSED_VARIABLE = YES;
				IPHONEOS_DEPLOYMENT_TARGET = 11.4;
				MTL_ENABLE_DEBUG_INFO = YES;
				ONLY_ACTIVE_ARCH = YES;
				SDKROOT = iphoneos;
				SWIFT_ACTIVE_COMPILATION_CONDITIONS = DEBUG;
				SWIFT_OPTIMIZATION_LEVEL = "-Onone";
			};
			name = Debug;
		};
		FA53CB1021161B17002B0C0D /* Release */ = {
			isa = XCBuildConfiguration;
			buildSettings = {
				ALWAYS_SEARCH_USER_PATHS = NO;
				CLANG_ANALYZER_NONNULL = YES;
				CLANG_ANALYZER_NUMBER_OBJECT_CONVERSION = YES_AGGRESSIVE;
				CLANG_CXX_LANGUAGE_STANDARD = "gnu++14";
				CLANG_CXX_LIBRARY = "libc++";
				CLANG_ENABLE_MODULES = YES;
				CLANG_ENABLE_OBJC_ARC = YES;
				CLANG_ENABLE_OBJC_WEAK = YES;
				CLANG_WARN_BLOCK_CAPTURE_AUTORELEASING = YES;
				CLANG_WARN_BOOL_CONVERSION = YES;
				CLANG_WARN_COMMA = YES;
				CLANG_WARN_CONSTANT_CONVERSION = YES;
				CLANG_WARN_DEPRECATED_OBJC_IMPLEMENTATIONS = YES;
				CLANG_WARN_DIRECT_OBJC_ISA_USAGE = YES_ERROR;
				CLANG_WARN_DOCUMENTATION_COMMENTS = YES;
				CLANG_WARN_EMPTY_BODY = YES;
				CLANG_WARN_ENUM_CONVERSION = YES;
				CLANG_WARN_INFINITE_RECURSION = YES;
				CLANG_WARN_INT_CONVERSION = YES;
				CLANG_WARN_NON_LITERAL_NULL_CONVERSION = YES;
				CLANG_WARN_OBJC_IMPLICIT_RETAIN_SELF = YES;
				CLANG_WARN_OBJC_LITERAL_CONVERSION = YES;
				CLANG_WARN_OBJC_ROOT_CLASS = YES_ERROR;
				CLANG_WARN_RANGE_LOOP_ANALYSIS = YES;
				CLANG_WARN_STRICT_PROTOTYPES = YES;
				CLANG_WARN_SUSPICIOUS_MOVE = YES;
				CLANG_WARN_UNGUARDED_AVAILABILITY = YES_AGGRESSIVE;
				CLANG_WARN_UNREACHABLE_CODE = YES;
				CLANG_WARN__DUPLICATE_METHOD_MATCH = YES;
				CODE_SIGN_IDENTITY = "iPhone Developer";
				COPY_PHASE_STRIP = NO;
				DEBUG_INFORMATION_FORMAT = "dwarf-with-dsym";
				ENABLE_NS_ASSERTIONS = NO;
				ENABLE_STRICT_OBJC_MSGSEND = YES;
				GCC_C_LANGUAGE_STANDARD = gnu11;
				GCC_NO_COMMON_BLOCKS = YES;
				GCC_WARN_64_TO_32_BIT_CONVERSION = YES;
				GCC_WARN_ABOUT_RETURN_TYPE = YES_ERROR;
				GCC_WARN_UNDECLARED_SELECTOR = YES;
				GCC_WARN_UNINITIALIZED_AUTOS = YES_AGGRESSIVE;
				GCC_WARN_UNUSED_FUNCTION = YES;
				GCC_WARN_UNUSED_VARIABLE = YES;
				IPHONEOS_DEPLOYMENT_TARGET = 11.4;
				MTL_ENABLE_DEBUG_INFO = NO;
				SDKROOT = iphoneos;
				SWIFT_COMPILATION_MODE = wholemodule;
				SWIFT_OPTIMIZATION_LEVEL = "-O";
				VALIDATE_PRODUCT = YES;
			};
			name = Release;
		};
		FA53CB1221161B17002B0C0D /* Debug */ = {
			isa = XCBuildConfiguration;
			baseConfigurationReference = 247EAC588A055E123B7884B9 /* Pods-Slot.debug.xcconfig */;
			buildSettings = {
				ASSETCATALOG_COMPILER_APPICON_NAME = AppIcon;
				CLANG_ENABLE_MODULES = YES;
				CODE_SIGN_IDENTITY = "iPhone Developer";
				CODE_SIGN_STYLE = Automatic;
				DEVELOPMENT_TEAM = SBJUB73L7G;
				INFOPLIST_FILE = Slot/Info.plist;
				LD_RUNPATH_SEARCH_PATHS = (
					"$(inherited)",
					"@executable_path/Frameworks",
				);
				PRODUCT_BUNDLE_IDENTIFIER = com.mahanthesh.Slot;
				PRODUCT_NAME = "$(TARGET_NAME)";
				PROVISIONING_PROFILE_SPECIFIER = "";
				SWIFT_OBJC_BRIDGING_HEADER = "Slot/Slot-Bridging-Header.h";
				SWIFT_OPTIMIZATION_LEVEL = "-Onone";
				SWIFT_VERSION = 4.0;
				TARGETED_DEVICE_FAMILY = "1,2";
			};
			name = Debug;
		};
		FA53CB1321161B17002B0C0D /* Release */ = {
			isa = XCBuildConfiguration;
			baseConfigurationReference = FCB2746C94CACF65162CF831 /* Pods-Slot.release.xcconfig */;
			buildSettings = {
				ASSETCATALOG_COMPILER_APPICON_NAME = AppIcon;
				CLANG_ENABLE_MODULES = YES;
				CODE_SIGN_IDENTITY = "iPhone Developer";
				CODE_SIGN_STYLE = Automatic;
				DEVELOPMENT_TEAM = SBJUB73L7G;
				INFOPLIST_FILE = Slot/Info.plist;
				LD_RUNPATH_SEARCH_PATHS = (
					"$(inherited)",
					"@executable_path/Frameworks",
				);
				PRODUCT_BUNDLE_IDENTIFIER = com.mahanthesh.Slot;
				PRODUCT_NAME = "$(TARGET_NAME)";
				PROVISIONING_PROFILE_SPECIFIER = "";
				SWIFT_OBJC_BRIDGING_HEADER = "Slot/Slot-Bridging-Header.h";
				SWIFT_VERSION = 4.0;
				TARGETED_DEVICE_FAMILY = "1,2";
			};
			name = Release;
		};
		FA53CB1521161B17002B0C0D /* Debug */ = {
			isa = XCBuildConfiguration;
			baseConfigurationReference = 9AD963D304CAF282CD4BCED4 /* Pods-SlotTests.debug.xcconfig */;
			buildSettings = {
				ALWAYS_EMBED_SWIFT_STANDARD_LIBRARIES = YES;
				BUNDLE_LOADER = "$(TEST_HOST)";
				CODE_SIGN_STYLE = Automatic;
				DEVELOPMENT_TEAM = SBJUB73L7G;
				INFOPLIST_FILE = SlotTests/Info.plist;
				LD_RUNPATH_SEARCH_PATHS = (
					"$(inherited)",
					"@executable_path/Frameworks",
					"@loader_path/Frameworks",
				);
				PRODUCT_BUNDLE_IDENTIFIER = com.mahanthesh.SlotTests;
				PRODUCT_NAME = "$(TARGET_NAME)";
				SWIFT_VERSION = 4.0;
				TARGETED_DEVICE_FAMILY = "1,2";
				TEST_HOST = "$(BUILT_PRODUCTS_DIR)/Slot.app/Slot";
			};
			name = Debug;
		};
		FA53CB1621161B17002B0C0D /* Release */ = {
			isa = XCBuildConfiguration;
			baseConfigurationReference = 1D9D9F371AE74025AFFB0672 /* Pods-SlotTests.release.xcconfig */;
			buildSettings = {
				ALWAYS_EMBED_SWIFT_STANDARD_LIBRARIES = YES;
				BUNDLE_LOADER = "$(TEST_HOST)";
				CODE_SIGN_STYLE = Automatic;
				DEVELOPMENT_TEAM = SBJUB73L7G;
				INFOPLIST_FILE = SlotTests/Info.plist;
				LD_RUNPATH_SEARCH_PATHS = (
					"$(inherited)",
					"@executable_path/Frameworks",
					"@loader_path/Frameworks",
				);
				PRODUCT_BUNDLE_IDENTIFIER = com.mahanthesh.SlotTests;
				PRODUCT_NAME = "$(TARGET_NAME)";
				SWIFT_VERSION = 4.0;
				TARGETED_DEVICE_FAMILY = "1,2";
				TEST_HOST = "$(BUILT_PRODUCTS_DIR)/Slot.app/Slot";
			};
			name = Release;
		};
		FA53CB1821161B17002B0C0D /* Debug */ = {
			isa = XCBuildConfiguration;
			baseConfigurationReference = 139532387C9AA5E1487D8893 /* Pods-SlotUITests.debug.xcconfig */;
			buildSettings = {
				ALWAYS_EMBED_SWIFT_STANDARD_LIBRARIES = YES;
				CODE_SIGN_STYLE = Automatic;
				DEVELOPMENT_TEAM = SBJUB73L7G;
				INFOPLIST_FILE = SlotUITests/Info.plist;
				LD_RUNPATH_SEARCH_PATHS = (
					"$(inherited)",
					"@executable_path/Frameworks",
					"@loader_path/Frameworks",
				);
				PRODUCT_BUNDLE_IDENTIFIER = com.mahanthesh.SlotUITests;
				PRODUCT_NAME = "$(TARGET_NAME)";
				SWIFT_VERSION = 4.0;
				TARGETED_DEVICE_FAMILY = "1,2";
				TEST_TARGET_NAME = Slot;
			};
			name = Debug;
		};
		FA53CB1921161B17002B0C0D /* Release */ = {
			isa = XCBuildConfiguration;
			baseConfigurationReference = F0F8CD6E6E381C4C374B6204 /* Pods-SlotUITests.release.xcconfig */;
			buildSettings = {
				ALWAYS_EMBED_SWIFT_STANDARD_LIBRARIES = YES;
				CODE_SIGN_STYLE = Automatic;
				DEVELOPMENT_TEAM = SBJUB73L7G;
				INFOPLIST_FILE = SlotUITests/Info.plist;
				LD_RUNPATH_SEARCH_PATHS = (
					"$(inherited)",
					"@executable_path/Frameworks",
					"@loader_path/Frameworks",
				);
				PRODUCT_BUNDLE_IDENTIFIER = com.mahanthesh.SlotUITests;
				PRODUCT_NAME = "$(TARGET_NAME)";
				SWIFT_VERSION = 4.0;
				TARGETED_DEVICE_FAMILY = "1,2";
				TEST_TARGET_NAME = Slot;
			};
			name = Release;
		};
/* End XCBuildConfiguration section */

/* Begin XCConfigurationList section */
		FA53CAE421161B09002B0C0D /* Build configuration list for PBXProject "Slot" */ = {
			isa = XCConfigurationList;
			buildConfigurations = (
				FA53CB0F21161B17002B0C0D /* Debug */,
				FA53CB1021161B17002B0C0D /* Release */,
			);
			defaultConfigurationIsVisible = 0;
			defaultConfigurationName = Release;
		};
		FA53CB1121161B17002B0C0D /* Build configuration list for PBXNativeTarget "Slot" */ = {
			isa = XCConfigurationList;
			buildConfigurations = (
				FA53CB1221161B17002B0C0D /* Debug */,
				FA53CB1321161B17002B0C0D /* Release */,
			);
			defaultConfigurationIsVisible = 0;
			defaultConfigurationName = Release;
		};
		FA53CB1421161B17002B0C0D /* Build configuration list for PBXNativeTarget "SlotTests" */ = {
			isa = XCConfigurationList;
			buildConfigurations = (
				FA53CB1521161B17002B0C0D /* Debug */,
				FA53CB1621161B17002B0C0D /* Release */,
			);
			defaultConfigurationIsVisible = 0;
			defaultConfigurationName = Release;
		};
		FA53CB1721161B17002B0C0D /* Build configuration list for PBXNativeTarget "SlotUITests" */ = {
			isa = XCConfigurationList;
			buildConfigurations = (
				FA53CB1821161B17002B0C0D /* Debug */,
				FA53CB1921161B17002B0C0D /* Release */,
			);
			defaultConfigurationIsVisible = 0;
			defaultConfigurationName = Release;
		};
/* End XCConfigurationList section */
	};
	rootObject = FA53CAE121161B09002B0C0D /* Project object */;
}
